
Microsoft Visual Studio Solution File, Format Version 12.00
# Visual Studio Version 16
VisualStudioVersion = 16.0.35731.53
MinimumVisualStudioVersion = 10.0.40219.1
Project("{FAE04EC0-301F-11D3-BF4B-00C04F79EFBC}") = "switch-case", "switch-case.csproj", "{C045E6FE-1C60-49B7-B182-064D02FE52FC}"
EndProject
Global
	GlobalSection(SolutionConfigurationPlatforms) = preSolution
		Debug|Any CPU = Debug|Any CPU
		Debug|x64 = Debug|x64
		Release|Any CPU = Release|Any CPU
		Release|x64 = Release|x64
	EndGlobalSection
	GlobalSection(ProjectConfigurationPlatforms) = postSolution
		{C045E6FE-1C60-49B7-B182-064D02FE52FC}.Debug|Any CPU.ActiveCfg = Debug|Any CPU
		{C045E6FE-1C60-49B7-B182-064D02FE52FC}.Debug|Any CPU.Build.0 = Debug|Any CPU
		{C045E6FE-1C60-49B7-B182-064D02FE52FC}.Debug|x64.ActiveCfg = Debug|x64
		{C045E6FE-1C60-49B7-B182-064D02FE52FC}.Debug|x64.Build.0 = Debug|x64
		{C045E6FE-1C60-49B7-B182-064D02FE52FC}.Release|Any CPU.ActiveCfg = Release|Any CPU
		{C045E6FE-1C60-49B7-B182-064D02FE52FC}.Release|Any CPU.Build.0 = Release|Any CPU
		{C045E6FE-1C60-49B7-B182-064D02FE52FC}.Release|x64.ActiveCfg = Release|x64
		{C045E6FE-1C60-49B7-B182-064D02FE52FC}.Release|x64.Build.0 = Release|x64
	EndGlobalSection
	GlobalSection(SolutionProperties) = preSolution
		HideSolutionNode = FALSE
	EndGlobalSection
	GlobalSection(ExtensibilityGlobals) = postSolution
		SolutionGuid = {E4CB65E8-0D41-4D38-B4F0-4C11C1500A70}
	EndGlobalSection
EndGlobal
